
Microsoft Visual Studio Solution File, Format Version 12.00
# Visual Studio Version 17
VisualStudioVersion = 17.2.32630.192
MinimumVisualStudioVersion = 10.0.40219.1
Project("{FAE04EC0-301F-11D3-BF4B-00C04F79EFBC}") = "TestVinNumber", "TestVinNumber\TestVinNumber.csproj", "{87155D82-4087-4138-92D3-56CD033D7AF5}"
EndProject
Project("{FAE04EC0-301F-11D3-BF4B-00C04F79EFBC}") = "VIN_LIB", "VIN_LIB\VIN_LIB.csproj", "{D592BF96-0950-44E3-9B00-78E04B679277}"
EndProject
Project("{FAE04EC0-301F-11D3-BF4B-00C04F79EFBC}") = "UnitTestProject1", "UnitTestProject1\UnitTestProject1.csproj", "{AA648315-185F-46D6-B8AC-DFCF4A75BD81}"
EndProject
Global
	GlobalSection(SolutionConfigurationPlatforms) = preSolution
		Debug|Any CPU = Debug|Any CPU
		Release|Any CPU = Release|Any CPU
	EndGlobalSection
	GlobalSection(ProjectConfigurationPlatforms) = postSolution
		{87155D82-4087-4138-92D3-56CD033D7AF5}.Debug|Any CPU.ActiveCfg = Debug|Any CPU
		{87155D82-4087-4138-92D3-56CD033D7AF5}.Debug|Any CPU.Build.0 = Debug|Any CPU
		{87155D82-4087-4138-92D3-56CD033D7AF5}.Release|Any CPU.ActiveCfg = Release|Any CPU
		{87155D82-4087-4138-92D3-56CD033D7AF5}.Release|Any CPU.Build.0 = Release|Any CPU
		{D592BF96-0950-44E3-9B00-78E04B679277}.Debug|Any CPU.ActiveCfg = Debug|Any CPU
		{D592BF96-0950-44E3-9B00-78E04B679277}.Debug|Any CPU.Build.0 = Debug|Any CPU
		{D592BF96-0950-44E3-9B00-78E04B679277}.Release|Any CPU.ActiveCfg = Release|Any CPU
		{D592BF96-0950-44E3-9B00-78E04B679277}.Release|Any CPU.Build.0 = Release|Any CPU
		{AA648315-185F-46D6-B8AC-DFCF4A75BD81}.Debug|Any CPU.ActiveCfg = Debug|Any CPU
		{AA648315-185F-46D6-B8AC-DFCF4A75BD81}.Debug|Any CPU.Build.0 = Debug|Any CPU
		{AA648315-185F-46D6-B8AC-DFCF4A75BD81}.Release|Any CPU.ActiveCfg = Release|Any CPU
		{AA648315-185F-46D6-B8AC-DFCF4A75BD81}.Release|Any CPU.Build.0 = Release|Any CPU
	EndGlobalSection
	GlobalSection(SolutionProperties) = preSolution
		HideSolutionNode = FALSE
	EndGlobalSection
	GlobalSection(ExtensibilityGlobals) = postSolution
		SolutionGuid = {4A35366D-0A91-444E-914C-E6AC214A6C47}
	EndGlobalSection
EndGlobal
